
Microsoft Visual Studio Solution File, Format Version 12.00
# Visual Studio Version 16
VisualStudioVersion = 16.0.31019.35
MinimumVisualStudioVersion = 10.0.40219.1
Project("{FAE04EC0-301F-11D3-BF4B-00C04F79EFBC}") = "Hashboile", "Hashboile\Hashboile.csproj", "{6A19D558-D94C-49DF-9572-A68013FD4C5B}"
EndProject
Global
	GlobalSection(SolutionConfigurationPlatforms) = preSolution
		Debug|Any CPU = Debug|Any CPU
		Release|Any CPU = Release|Any CPU
	EndGlobalSection
	GlobalSection(ProjectConfigurationPlatforms) = postSolution
		{6A19D558-D94C-49DF-9572-A68013FD4C5B}.Debug|Any CPU.ActiveCfg = Debug|Any CPU
		{6A19D558-D94C-49DF-9572-A68013FD4C5B}.Debug|Any CPU.Build.0 = Debug|Any CPU
		{6A19D558-D94C-49DF-9572-A68013FD4C5B}.Release|Any CPU.ActiveCfg = Release|Any CPU
		{6A19D558-D94C-49DF-9572-A68013FD4C5B}.Release|Any CPU.Build.0 = Release|Any CPU
	EndGlobalSection
	GlobalSection(SolutionProperties) = preSolution
		HideSolutionNode = FALSE
	EndGlobalSection
	GlobalSection(ExtensibilityGlobals) = postSolution
		SolutionGuid = {33BE3642-3502-4E5C-9603-A590D91A1F5F}
	EndGlobalSection
EndGlobal
